
Microsoft Visual Studio Solution File, Format Version 12.00
# Visual Studio 2013
VisualStudioVersion = 12.0.31101.0
MinimumVisualStudioVersion = 10.0.40219.1
Project("{FAE04EC0-301F-11D3-BF4B-00C04F79EFBC}") = "AccBroker.WebAPI", "AccBroker.WebAPI\AccBroker.WebAPI.csproj", "{BC8FBF41-465A-4AA9-A86F-706391936932}"
EndProject
Project("{2150E333-8FDC-42A3-9474-1A3956D46DE8}") = "01 Client", "01 Client", "{315C318D-089A-49D5-83AD-6C13B480669C}"
EndProject
Project("{2150E333-8FDC-42A3-9474-1A3956D46DE8}") = "10 Dependency", "10 Dependency", "{BBA6E907-92D4-4C96-9377-FD2D5D5544D3}"
EndProject
Project("{2150E333-8FDC-42A3-9474-1A3956D46DE8}") = "06 DependencyInjection", "06 DependencyInjection", "{CD6F8DCE-BAAE-4380-BFFD-4664B7D5576E}"
EndProject
Project("{2150E333-8FDC-42A3-9474-1A3956D46DE8}") = "04 Domain", "04 Domain", "{09BDBE96-B6AB-47C8-8294-ED5CFF1B5AA2}"
EndProject
Project("{2150E333-8FDC-42A3-9474-1A3956D46DE8}") = "03 RepositoryInterface", "03 RepositoryInterface", "{D39492C1-85CE-4283-B576-A253DFF53E69}"
EndProject
Project("{2150E333-8FDC-42A3-9474-1A3956D46DE8}") = "02 BusinessInterface", "02 BusinessInterface", "{1A5C2F86-C289-46FB-AA61-E1276B58FD5A}"
EndProject
Project("{2150E333-8FDC-42A3-9474-1A3956D46DE8}") = "Business", "Business", "{B3ED8EA9-0F6B-4BDF-9A31-819E62CB5AA0}"
EndProject
Project("{2150E333-8FDC-42A3-9474-1A3956D46DE8}") = "Data", "Data", "{F8D1B37D-1E19-4F38-BC29-4EBC420F8998}"
EndProject
Project("{2150E333-8FDC-42A3-9474-1A3956D46DE8}") = "05 ServiceInterface", "05 ServiceInterface", "{FF3984B0-9033-47A8-A515-B2A09D7458DE}"
EndProject
Project("{2150E333-8FDC-42A3-9474-1A3956D46DE8}") = "Infrastucture", "Infrastucture", "{B0FCF0D6-4DA8-4ADF-9834-CB1C7958BC81}"
EndProject
Project("{FAE04EC0-301F-11D3-BF4B-00C04F79EFBC}") = "AccBroker.Domain", "AccBroker.Domain\AccBroker.Domain.csproj", "{4537C211-5E30-4CD6-8772-8ECA84941873}"
EndProject
Project("{FAE04EC0-301F-11D3-BF4B-00C04F79EFBC}") = "AccBroker.RepositoryInterface", "AccBroker.RepositoryInterface\AccBroker.RepositoryInterface.csproj", "{C0C65DE8-2F2E-4060-8A1A-C69DEB029F35}"
EndProject
Project("{FAE04EC0-301F-11D3-BF4B-00C04F79EFBC}") = "AccBroker.BusinessInterface", "AccBroker.BusinessInterface\AccBroker.BusinessInterface.csproj", "{6FCA67BD-34B2-4C89-8B8C-22B21F35B07C}"
EndProject
Project("{FAE04EC0-301F-11D3-BF4B-00C04F79EFBC}") = "AccBroker.DI", "AccBroker.DI\AccBroker.DI.csproj", "{007324C1-26FB-4DF5-B778-30AE76444BD7}"
EndProject
Project("{FAE04EC0-301F-11D3-BF4B-00C04F79EFBC}") = "AccBroker.Business", "AccBroker.Business\AccBroker.Business.csproj", "{D97421C1-7879-4464-8588-C45A756E792E}"
EndProject
Project("{FAE04EC0-301F-11D3-BF4B-00C04F79EFBC}") = "AccBroker.Data", "AccBroker.Data\AccBroker.Data.csproj", "{DBF0471F-DC12-42D6-9BA1-177983CD7A6A}"
EndProject
Project("{FAE04EC0-301F-11D3-BF4B-00C04F79EFBC}") = "AccBroker.ServiceInterface", "AccBroker.ServiceInterface\AccBroker.ServiceInterface.csproj", "{9C654EFF-6AB2-4CD8-82D0-BC375EFBAC5D}"
EndProject
Project("{FAE04EC0-301F-11D3-BF4B-00C04F79EFBC}") = "AccBroker.Service", "AccBroker.Service\AccBroker.Service.csproj", "{5587383D-3E9F-4916-BAEC-35D725F213DE}"
EndProject
Project("{FAE04EC0-301F-11D3-BF4B-00C04F79EFBC}") = "AccBroker.Web", "AccBroker.Web\AccBroker.Web.csproj", "{9CEC0F11-A3E6-41B0-A30D-B942CCA79264}"
EndProject
Project("{FAE04EC0-301F-11D3-BF4B-00C04F79EFBC}") = "AccBroker.Data2", "AccBroker.Data2\AccBroker.Data2.csproj", "{3E687670-0F08-45B6-9988-1DDC2BDC480D}"
EndProject
Project("{FAE04EC0-301F-11D3-BF4B-00C04F79EFBC}") = "AccBroker.Data3", "AccBroker.Data3\AccBroker.Data3.csproj", "{5FA3F641-4530-438C-98E2-9148F18180EA}"
EndProject
Project("{FAE04EC0-301F-11D3-BF4B-00C04F79EFBC}") = "AccBroker.Data4", "AccBroker.Data4\AccBroker.Data4.csproj", "{802CED46-F341-4454-A104-570F51AD9A73}"
EndProject
Project("{FAE04EC0-301F-11D3-BF4B-00C04F79EFBC}") = "AccBroker.WebAPI.Tests.Unit", "AccBroker.WebAPI.Tests.Unit\AccBroker.WebAPI.Tests.Unit.csproj", "{207ED84D-7234-4582-AC54-0557DD8F2FDE}"
EndProject
Project("{FAE04EC0-301F-11D3-BF4B-00C04F79EFBC}") = "AccBroker.WebAPI.Tests.Integration", "AccBroker.WebAPI.Tests.Integration\AccBroker.WebAPI.Tests.Integration.csproj", "{658F2333-9C71-461B-88FD-E0A3A7749431}"
EndProject
Global
	GlobalSection(SolutionConfigurationPlatforms) = preSolution
		Debug|Any CPU = Debug|Any CPU
		Release|Any CPU = Release|Any CPU
	EndGlobalSection
	GlobalSection(ProjectConfigurationPlatforms) = postSolution
		{BC8FBF41-465A-4AA9-A86F-706391936932}.Debug|Any CPU.ActiveCfg = Debug|Any CPU
		{BC8FBF41-465A-4AA9-A86F-706391936932}.Debug|Any CPU.Build.0 = Debug|Any CPU
		{BC8FBF41-465A-4AA9-A86F-706391936932}.Release|Any CPU.ActiveCfg = Release|Any CPU
		{BC8FBF41-465A-4AA9-A86F-706391936932}.Release|Any CPU.Build.0 = Release|Any CPU
		{4537C211-5E30-4CD6-8772-8ECA84941873}.Debug|Any CPU.ActiveCfg = Debug|Any CPU
		{4537C211-5E30-4CD6-8772-8ECA84941873}.Debug|Any CPU.Build.0 = Debug|Any CPU
		{4537C211-5E30-4CD6-8772-8ECA84941873}.Release|Any CPU.ActiveCfg = Release|Any CPU
		{4537C211-5E30-4CD6-8772-8ECA84941873}.Release|Any CPU.Build.0 = Release|Any CPU
		{C0C65DE8-2F2E-4060-8A1A-C69DEB029F35}.Debug|Any CPU.ActiveCfg = Debug|Any CPU
		{C0C65DE8-2F2E-4060-8A1A-C69DEB029F35}.Debug|Any CPU.Build.0 = Debug|Any CPU
		{C0C65DE8-2F2E-4060-8A1A-C69DEB029F35}.Release|Any CPU.ActiveCfg = Release|Any CPU
		{C0C65DE8-2F2E-4060-8A1A-C69DEB029F35}.Release|Any CPU.Build.0 = Release|Any CPU
		{6FCA67BD-34B2-4C89-8B8C-22B21F35B07C}.Debug|Any CPU.ActiveCfg = Debug|Any CPU
		{6FCA67BD-34B2-4C89-8B8C-22B21F35B07C}.Debug|Any CPU.Build.0 = Debug|Any CPU
		{6FCA67BD-34B2-4C89-8B8C-22B21F35B07C}.Release|Any CPU.ActiveCfg = Release|Any CPU
		{6FCA67BD-34B2-4C89-8B8C-22B21F35B07C}.Release|Any CPU.Build.0 = Release|Any CPU
		{007324C1-26FB-4DF5-B778-30AE76444BD7}.Debug|Any CPU.ActiveCfg = Debug|Any CPU
		{007324C1-26FB-4DF5-B778-30AE76444BD7}.Debug|Any CPU.Build.0 = Debug|Any CPU
		{007324C1-26FB-4DF5-B778-30AE76444BD7}.Release|Any CPU.ActiveCfg = Release|Any CPU
		{007324C1-26FB-4DF5-B778-30AE76444BD7}.Release|Any CPU.Build.0 = Release|Any CPU
		{D97421C1-7879-4464-8588-C45A756E792E}.Debug|Any CPU.ActiveCfg = Debug|Any CPU
		{D97421C1-7879-4464-8588-C45A756E792E}.Debug|Any CPU.Build.0 = Debug|Any CPU
		{D97421C1-7879-4464-8588-C45A756E792E}.Release|Any CPU.ActiveCfg = Release|Any CPU
		{D97421C1-7879-4464-8588-C45A756E792E}.Release|Any CPU.Build.0 = Release|Any CPU
		{DBF0471F-DC12-42D6-9BA1-177983CD7A6A}.Debug|Any CPU.ActiveCfg = Debug|Any CPU
		{DBF0471F-DC12-42D6-9BA1-177983CD7A6A}.Debug|Any CPU.Build.0 = Debug|Any CPU
		{DBF0471F-DC12-42D6-9BA1-177983CD7A6A}.Release|Any CPU.ActiveCfg = Release|Any CPU
		{DBF0471F-DC12-42D6-9BA1-177983CD7A6A}.Release|Any CPU.Build.0 = Release|Any CPU
		{9C654EFF-6AB2-4CD8-82D0-BC375EFBAC5D}.Debug|Any CPU.ActiveCfg = Debug|Any CPU
		{9C654EFF-6AB2-4CD8-82D0-BC375EFBAC5D}.Debug|Any CPU.Build.0 = Debug|Any CPU
		{9C654EFF-6AB2-4CD8-82D0-BC375EFBAC5D}.Release|Any CPU.ActiveCfg = Release|Any CPU
		{9C654EFF-6AB2-4CD8-82D0-BC375EFBAC5D}.Release|Any CPU.Build.0 = Release|Any CPU
		{5587383D-3E9F-4916-BAEC-35D725F213DE}.Debug|Any CPU.ActiveCfg = Debug|Any CPU
		{5587383D-3E9F-4916-BAEC-35D725F213DE}.Debug|Any CPU.Build.0 = Debug|Any CPU
		{5587383D-3E9F-4916-BAEC-35D725F213DE}.Release|Any CPU.ActiveCfg = Release|Any CPU
		{5587383D-3E9F-4916-BAEC-35D725F213DE}.Release|Any CPU.Build.0 = Release|Any CPU
		{9CEC0F11-A3E6-41B0-A30D-B942CCA79264}.Debug|Any CPU.ActiveCfg = Debug|Any CPU
		{9CEC0F11-A3E6-41B0-A30D-B942CCA79264}.Debug|Any CPU.Build.0 = Debug|Any CPU
		{9CEC0F11-A3E6-41B0-A30D-B942CCA79264}.Release|Any CPU.ActiveCfg = Release|Any CPU
		{9CEC0F11-A3E6-41B0-A30D-B942CCA79264}.Release|Any CPU.Build.0 = Release|Any CPU
		{3E687670-0F08-45B6-9988-1DDC2BDC480D}.Debug|Any CPU.ActiveCfg = Debug|Any CPU
		{3E687670-0F08-45B6-9988-1DDC2BDC480D}.Debug|Any CPU.Build.0 = Debug|Any CPU
		{3E687670-0F08-45B6-9988-1DDC2BDC480D}.Release|Any CPU.ActiveCfg = Release|Any CPU
		{3E687670-0F08-45B6-9988-1DDC2BDC480D}.Release|Any CPU.Build.0 = Release|Any CPU
		{5FA3F641-4530-438C-98E2-9148F18180EA}.Debug|Any CPU.ActiveCfg = Debug|Any CPU
		{5FA3F641-4530-438C-98E2-9148F18180EA}.Debug|Any CPU.Build.0 = Debug|Any CPU
		{5FA3F641-4530-438C-98E2-9148F18180EA}.Release|Any CPU.ActiveCfg = Release|Any CPU
		{5FA3F641-4530-438C-98E2-9148F18180EA}.Release|Any CPU.Build.0 = Release|Any CPU
		{802CED46-F341-4454-A104-570F51AD9A73}.Debug|Any CPU.ActiveCfg = Debug|Any CPU
		{802CED46-F341-4454-A104-570F51AD9A73}.Debug|Any CPU.Build.0 = Debug|Any CPU
		{802CED46-F341-4454-A104-570F51AD9A73}.Release|Any CPU.ActiveCfg = Release|Any CPU
		{802CED46-F341-4454-A104-570F51AD9A73}.Release|Any CPU.Build.0 = Release|Any CPU
		{207ED84D-7234-4582-AC54-0557DD8F2FDE}.Debug|Any CPU.ActiveCfg = Debug|Any CPU
		{207ED84D-7234-4582-AC54-0557DD8F2FDE}.Debug|Any CPU.Build.0 = Debug|Any CPU
		{207ED84D-7234-4582-AC54-0557DD8F2FDE}.Release|Any CPU.ActiveCfg = Release|Any CPU
		{207ED84D-7234-4582-AC54-0557DD8F2FDE}.Release|Any CPU.Build.0 = Release|Any CPU
		{658F2333-9C71-461B-88FD-E0A3A7749431}.Debug|Any CPU.ActiveCfg = Debug|Any CPU
		{658F2333-9C71-461B-88FD-E0A3A7749431}.Debug|Any CPU.Build.0 = Debug|Any CPU
		{658F2333-9C71-461B-88FD-E0A3A7749431}.Release|Any CPU.ActiveCfg = Release|Any CPU
		{658F2333-9C71-461B-88FD-E0A3A7749431}.Release|Any CPU.Build.0 = Release|Any CPU
	EndGlobalSection
	GlobalSection(SolutionProperties) = preSolution
		HideSolutionNode = FALSE
	EndGlobalSection
	GlobalSection(NestedProjects) = preSolution
		{BC8FBF41-465A-4AA9-A86F-706391936932} = {315C318D-089A-49D5-83AD-6C13B480669C}
		{B3ED8EA9-0F6B-4BDF-9A31-819E62CB5AA0} = {BBA6E907-92D4-4C96-9377-FD2D5D5544D3}
		{F8D1B37D-1E19-4F38-BC29-4EBC420F8998} = {BBA6E907-92D4-4C96-9377-FD2D5D5544D3}
		{B0FCF0D6-4DA8-4ADF-9834-CB1C7958BC81} = {BBA6E907-92D4-4C96-9377-FD2D5D5544D3}
		{4537C211-5E30-4CD6-8772-8ECA84941873} = {09BDBE96-B6AB-47C8-8294-ED5CFF1B5AA2}
		{C0C65DE8-2F2E-4060-8A1A-C69DEB029F35} = {D39492C1-85CE-4283-B576-A253DFF53E69}
		{6FCA67BD-34B2-4C89-8B8C-22B21F35B07C} = {1A5C2F86-C289-46FB-AA61-E1276B58FD5A}
		{007324C1-26FB-4DF5-B778-30AE76444BD7} = {CD6F8DCE-BAAE-4380-BFFD-4664B7D5576E}
		{D97421C1-7879-4464-8588-C45A756E792E} = {B3ED8EA9-0F6B-4BDF-9A31-819E62CB5AA0}
		{DBF0471F-DC12-42D6-9BA1-177983CD7A6A} = {F8D1B37D-1E19-4F38-BC29-4EBC420F8998}
		{9C654EFF-6AB2-4CD8-82D0-BC375EFBAC5D} = {FF3984B0-9033-47A8-A515-B2A09D7458DE}
		{5587383D-3E9F-4916-BAEC-35D725F213DE} = {B0FCF0D6-4DA8-4ADF-9834-CB1C7958BC81}
		{9CEC0F11-A3E6-41B0-A30D-B942CCA79264} = {315C318D-089A-49D5-83AD-6C13B480669C}
		{3E687670-0F08-45B6-9988-1DDC2BDC480D} = {F8D1B37D-1E19-4F38-BC29-4EBC420F8998}
		{5FA3F641-4530-438C-98E2-9148F18180EA} = {F8D1B37D-1E19-4F38-BC29-4EBC420F8998}
		{802CED46-F341-4454-A104-570F51AD9A73} = {F8D1B37D-1E19-4F38-BC29-4EBC420F8998}
		{207ED84D-7234-4582-AC54-0557DD8F2FDE} = {315C318D-089A-49D5-83AD-6C13B480669C}
		{658F2333-9C71-461B-88FD-E0A3A7749431} = {315C318D-089A-49D5-83AD-6C13B480669C}
	EndGlobalSection
EndGlobal
